{
  "name": "vulnerable-app",
  "version": "1.0.0",
  "lockfileVersion": 2,
  "requires": true,
  "packages": {
    "": {
      "name": "vulnerable-app",
      "version": "1.0.0",
      "dependencies": {
        "express": "4.16.0",
        "lodash": "4.17.11"
      }
    },
    "node_modules/express": {
      "version": "4.16.0",
      "resolved": "https://npmjs.org"
    },
    "node_modules/lodash": {
      "version": "4.17.11",
      "resolved": "https://npmjs.org"
    }
  }
}
